
Microsoft Visual Studio Solution File, Format Version 12.00
# Visual Studio Version 17
VisualStudioVersion = 17.7.34221.43
MinimumVisualStudioVersion = 10.0.40219.1
Project("{FAE04EC0-301F-11D3-BF4B-00C04F79EFBC}") = "ConsoleApp7", "ConsoleApp7.csproj", "{E7CD48AC-4800-459D-8E50-2C4A59C31450}"
EndProject
Global
	GlobalSection(SolutionConfigurationPlatforms) = preSolution
		Debug|Any CPU = Debug|Any CPU
		Release|Any CPU = Release|Any CPU
	EndGlobalSection
	GlobalSection(ProjectConfigurationPlatforms) = postSolution
		{E7CD48AC-4800-459D-8E50-2C4A59C31450}.Debug|Any CPU.ActiveCfg = Debug|Any CPU
		{E7CD48AC-4800-459D-8E50-2C4A59C31450}.Debug|Any CPU.Build.0 = Debug|Any CPU
		{E7CD48AC-4800-459D-8E50-2C4A59C31450}.Release|Any CPU.ActiveCfg = Release|Any CPU
		{E7CD48AC-4800-459D-8E50-2C4A59C31450}.Release|Any CPU.Build.0 = Release|Any CPU
	EndGlobalSection
	GlobalSection(SolutionProperties) = preSolution
		HideSolutionNode = FALSE
	EndGlobalSection
	GlobalSection(ExtensibilityGlobals) = postSolution
		SolutionGuid = {97A48C41-890A-4520-B6FA-CF210C3237B0}
	EndGlobalSection
EndGlobal
